
Microsoft Visual Studio Solution File, Format Version 12.00
# Visual Studio Version 16
VisualStudioVersion = 16.0.31205.134
MinimumVisualStudioVersion = 10.0.40219.1
Project("{FAE04EC0-301F-11D3-BF4B-00C04F79EFBC}") = "Tritis", "Tritis.csproj", "{67A36823-8102-4843-B5F0-1F3E3716FE9A}"
EndProject
Global
	GlobalSection(SolutionConfigurationPlatforms) = preSolution
		Debug|Any CPU = Debug|Any CPU
		Release|Any CPU = Release|Any CPU
	EndGlobalSection
	GlobalSection(ProjectConfigurationPlatforms) = postSolution
		{67A36823-8102-4843-B5F0-1F3E3716FE9A}.Debug|Any CPU.ActiveCfg = Debug|Any CPU
		{67A36823-8102-4843-B5F0-1F3E3716FE9A}.Debug|Any CPU.Build.0 = Debug|Any CPU
		{67A36823-8102-4843-B5F0-1F3E3716FE9A}.Release|Any CPU.ActiveCfg = Release|Any CPU
		{67A36823-8102-4843-B5F0-1F3E3716FE9A}.Release|Any CPU.Build.0 = Release|Any CPU
	EndGlobalSection
	GlobalSection(SolutionProperties) = preSolution
		HideSolutionNode = FALSE
	EndGlobalSection
	GlobalSection(ExtensibilityGlobals) = postSolution
		SolutionGuid = {CDEEF1FD-F021-4C46-AA40-F509A0EC0754}
	EndGlobalSection
EndGlobal
