
Microsoft Visual Studio Solution File, Format Version 12.00
# Visual Studio Version 16
VisualStudioVersion = 16.0.29613.14
MinimumVisualStudioVersion = 10.0.40219.1
Project("{FAE04EC0-301F-11D3-BF4B-00C04F79EFBC}") = "Minesweeper", "Minesweeper.csproj", "{BACBC1DA-1131-40E7-ADDD-05B4AF1D8934}"
EndProject
Global
	GlobalSection(SolutionConfigurationPlatforms) = preSolution
		Debug|Any CPU = Debug|Any CPU
		Release|Any CPU = Release|Any CPU
	EndGlobalSection
	GlobalSection(ProjectConfigurationPlatforms) = postSolution
		{BACBC1DA-1131-40E7-ADDD-05B4AF1D8934}.Debug|Any CPU.ActiveCfg = Debug|Any CPU
		{BACBC1DA-1131-40E7-ADDD-05B4AF1D8934}.Debug|Any CPU.Build.0 = Debug|Any CPU
		{BACBC1DA-1131-40E7-ADDD-05B4AF1D8934}.Release|Any CPU.ActiveCfg = Release|Any CPU
		{BACBC1DA-1131-40E7-ADDD-05B4AF1D8934}.Release|Any CPU.Build.0 = Release|Any CPU
	EndGlobalSection
	GlobalSection(SolutionProperties) = preSolution
		HideSolutionNode = FALSE
	EndGlobalSection
	GlobalSection(ExtensibilityGlobals) = postSolution
		SolutionGuid = {94D57FAF-5D27-4666-8C9B-B3DC8EAFF23D}
	EndGlobalSection
EndGlobal
