
Microsoft Visual Studio Solution File, Format Version 12.00
# Visual Studio Version 16
VisualStudioVersion = 16.0.29613.14
MinimumVisualStudioVersion = 10.0.40219.1
Project("{FAE04EC0-301F-11D3-BF4B-00C04F79EFBC}") = "Grafic functie", "Grafic functie.csproj", "{B92ECEF7-0524-45D0-9945-316A8AEDD97E}"
EndProject
Project("{9A19103F-16F7-4668-BE54-9A1E7A4F7556}") = "Library", "..\Library\Library.csproj", "{D4AC20F1-BA9F-46E9-8522-7A07F3978FE2}"
EndProject
Global
	GlobalSection(SolutionConfigurationPlatforms) = preSolution
		Debug|Any CPU = Debug|Any CPU
		Release|Any CPU = Release|Any CPU
	EndGlobalSection
	GlobalSection(ProjectConfigurationPlatforms) = postSolution
		{B92ECEF7-0524-45D0-9945-316A8AEDD97E}.Debug|Any CPU.ActiveCfg = Debug|Any CPU
		{B92ECEF7-0524-45D0-9945-316A8AEDD97E}.Debug|Any CPU.Build.0 = Debug|Any CPU
		{B92ECEF7-0524-45D0-9945-316A8AEDD97E}.Release|Any CPU.ActiveCfg = Release|Any CPU
		{B92ECEF7-0524-45D0-9945-316A8AEDD97E}.Release|Any CPU.Build.0 = Release|Any CPU
		{D4AC20F1-BA9F-46E9-8522-7A07F3978FE2}.Debug|Any CPU.ActiveCfg = Debug|Any CPU
		{D4AC20F1-BA9F-46E9-8522-7A07F3978FE2}.Debug|Any CPU.Build.0 = Debug|Any CPU
		{D4AC20F1-BA9F-46E9-8522-7A07F3978FE2}.Release|Any CPU.ActiveCfg = Release|Any CPU
		{D4AC20F1-BA9F-46E9-8522-7A07F3978FE2}.Release|Any CPU.Build.0 = Release|Any CPU
	EndGlobalSection
	GlobalSection(SolutionProperties) = preSolution
		HideSolutionNode = FALSE
	EndGlobalSection
	GlobalSection(ExtensibilityGlobals) = postSolution
		SolutionGuid = {73F1A3B2-BF13-4D81-B00D-446C58CED250}
	EndGlobalSection
EndGlobal
