
Microsoft Visual Studio Solution File, Format Version 12.00
# Visual Studio Version 16
VisualStudioVersion = 16.0.29613.14
MinimumVisualStudioVersion = 10.0.40219.1
Project("{FAE04EC0-301F-11D3-BF4B-00C04F79EFBC}") = "Casier", "Casier.csproj", "{BB599049-ED8F-4BFA-B4E8-7F1E56B48EE0}"
EndProject
Global
	GlobalSection(SolutionConfigurationPlatforms) = preSolution
		Debug|Any CPU = Debug|Any CPU
		Release|Any CPU = Release|Any CPU
	EndGlobalSection
	GlobalSection(ProjectConfigurationPlatforms) = postSolution
		{BB599049-ED8F-4BFA-B4E8-7F1E56B48EE0}.Debug|Any CPU.ActiveCfg = Debug|Any CPU
		{BB599049-ED8F-4BFA-B4E8-7F1E56B48EE0}.Debug|Any CPU.Build.0 = Debug|Any CPU
		{BB599049-ED8F-4BFA-B4E8-7F1E56B48EE0}.Release|Any CPU.ActiveCfg = Release|Any CPU
		{BB599049-ED8F-4BFA-B4E8-7F1E56B48EE0}.Release|Any CPU.Build.0 = Release|Any CPU
	EndGlobalSection
	GlobalSection(SolutionProperties) = preSolution
		HideSolutionNode = FALSE
	EndGlobalSection
	GlobalSection(ExtensibilityGlobals) = postSolution
		SolutionGuid = {D98A89F5-E7AB-4BCD-AA39-B72DD85B70D9}
	EndGlobalSection
EndGlobal
